<?xml version="1.0" encoding="UTF-8" standalone="yes" ?>
<CodeBlocks_project_file>
   <FileVersion major="1" minor="6" />
   <Project>
      <Option title="rendezvous" />
      <Option makefile_is_custom="1" />
      <Option compiler="gcc" />
      <Option virtualFolders="CMake Files\;CMake Files\..\;CMake Files\..\..\;CMake Files\..\..\..\;CMake Files\..\..\..\..\;CMake Files\..\..\..\..\..\;CMake Files\..\..\..\..\..\..\;CMake Files\..\..\..\..\..\..\usr\;CMake Files\..\..\..\..\..\..\usr\src\;CMake Files\..\..\..\..\..\..\usr\src\gtest\;CMake Files\..\..\..\..\..\..\usr\src\gtest\cmake\;CMake Files\..\..\..\..\..\..\opt\;CMake Files\..\..\..\..\..\..\opt\ros\;CMake Files\..\..\..\..\..\..\opt\ros\hydro\;CMake Files\..\..\..\..\..\..\opt\ros\hydro\share\;CMake Files\..\..\..\..\..\..\opt\ros\hydro\share\catkin\;CMake Files\..\..\..\..\..\..\opt\ros\hydro\share\catkin\cmake\;CMake Files\..\..\..\..\..\..\opt\ros\hydro\share\catkin\cmake\platform\;CMake Files\..\..\..\..\..\..\opt\ros\hydro\share\catkin\cmake\test\;CMake Files\..\..\..\..\..\..\opt\ros\hydro\share\catkin\cmake\tools\;CMake Files\..\..\..\..\..\..\opt\ros\hydro\share\catkin\cmake\..\;CMake Files\..\..\..\..\..\..\opt\ros\hydro\share\catkin\cmake\templates\;CMake Files\..\..\..\..\..\..\opt\ros\hydro\share\catkin\cmake\env-hooks\;CMake Files\..\..\..\..\..\..\opt\ros\hydro\share\catkin\cmake\em\;CMake Files\..\..\..\..\..\..\opt\ros\hydro\share\roscpp\;CMake Files\..\..\..\..\..\..\opt\ros\hydro\share\roscpp\cmake\;CMake Files\..\..\..\..\..\..\opt\ros\hydro\share\cpp_common\;CMake Files\..\..\..\..\..\..\opt\ros\hydro\share\cpp_common\cmake\;CMake Files\..\..\..\..\..\..\opt\ros\hydro\share\message_runtime\;CMake Files\..\..\..\..\..\..\opt\ros\hydro\share\message_runtime\cmake\;CMake Files\..\..\..\..\..\..\opt\ros\hydro\share\roscpp_serialization\;CMake Files\..\..\..\..\..\..\opt\ros\hydro\share\roscpp_serialization\cmake\;CMake Files\..\..\..\..\..\..\opt\ros\hydro\share\roscpp_traits\;CMake Files\..\..\..\..\..\..\opt\ros\hydro\share\roscpp_traits\cmake\;CMake Files\..\..\..\..\..\..\opt\ros\hydro\share\rostime\;CMake Files\..\..\..\..\..\..\opt\ros\hydro\share\rostime\cmake\;CMake Files\..\..\..\..\..\..\opt\ros\hydro\share\rosconsole\;CMake Files\..\..\..\..\..\..\opt\ros\hydro\share\rosconsole\cmake\;CMake Files\..\..\..\..\..\..\opt\ros\hydro\share\rosgraph_msgs\;CMake Files\..\..\..\..\..\..\opt\ros\hydro\share\rosgraph_msgs\cmake\;CMake Files\..\..\..\..\..\..\opt\ros\hydro\share\std_msgs\;CMake Files\..\..\..\..\..\..\opt\ros\hydro\share\std_msgs\cmake\;CMake Files\..\..\..\..\..\..\opt\ros\hydro\share\xmlrpcpp\;CMake Files\..\..\..\..\..\..\opt\ros\hydro\share\xmlrpcpp\cmake\;CMake Files\..\..\..\..\..\..\opt\ros\hydro\share\actionlib\;CMake Files\..\..\..\..\..\..\opt\ros\hydro\share\actionlib\cmake\;CMake Files\..\..\..\..\..\..\opt\ros\hydro\share\actionlib_msgs\;CMake Files\..\..\..\..\..\..\opt\ros\hydro\share\actionlib_msgs\cmake\;CMake Files\..\..\..\..\..\..\opt\ros\hydro\share\genmsg\;CMake Files\..\..\..\..\..\..\opt\ros\hydro\share\genmsg\cmake\;CMake Files\..\..\..\..\..\..\opt\ros\hydro\share\gencpp\;CMake Files\..\..\..\..\..\..\opt\ros\hydro\share\gencpp\cmake\;CMake Files\..\..\..\..\..\..\opt\ros\hydro\share\genlisp\;CMake Files\..\..\..\..\..\..\opt\ros\hydro\share\genlisp\cmake\;CMake Files\..\..\..\..\..\..\opt\ros\hydro\share\genpy\;CMake Files\..\..\..\..\..\..\opt\ros\hydro\share\genpy\cmake\;CMake Files\..\..\..\..\..\..\opt\ros\hydro\share\move_base_msgs\;CMake Files\..\..\..\..\..\..\opt\ros\hydro\share\move_base_msgs\cmake\;CMake Files\catkin\;CMake Files\catkin\catkin_generated\;CMake Files\catkin\catkin_generated\version\;CMake Files\catkin_generated\;" />
      <Build>
      <Target title="all">
         <Option working_dir="/home/lschreie/ros_hydro_external/src/aau_multi_robot/rendezvous" />
         <Option type="4" />
         <MakeCommands>
            <Build command="/usr/bin/make -f &quot;/home/lschreie/ros_hydro_external/src/aau_multi_robot/rendezvous/Makefile&quot;  VERBOSE=1 all" />
            <CompileFile command="/usr/bin/make -f &quot;/home/lschreie/ros_hydro_external/src/aau_multi_robot/rendezvous/Makefile&quot;  VERBOSE=1 &quot;$file&quot;" />
            <Clean command="/usr/bin/make -f &quot;/home/lschreie/ros_hydro_external/src/aau_multi_robot/rendezvous/Makefile&quot;  VERBOSE=1 clean" />
            <DistClean command="/usr/bin/make -f &quot;/home/lschreie/ros_hydro_external/src/aau_multi_robot/rendezvous/Makefile&quot;  VERBOSE=1 clean" />
         </MakeCommands>
      </Target>
      <Target title="actionlib_generate_messages_cpp">
         <Option working_dir="/home/lschreie/ros_hydro_external/src/aau_multi_robot/rendezvous" />
         <Option type="4" />
         <MakeCommands>
            <Build command="/usr/bin/make -f &quot;/home/lschreie/ros_hydro_external/src/aau_multi_robot/rendezvous/Makefile&quot;  VERBOSE=1 actionlib_generate_messages_cpp" />
            <CompileFile command="/usr/bin/make -f &quot;/home/lschreie/ros_hydro_external/src/aau_multi_robot/rendezvous/Makefile&quot;  VERBOSE=1 &quot;$file&quot;" />
            <Clean command="/usr/bin/make -f &quot;/home/lschreie/ros_hydro_external/src/aau_multi_robot/rendezvous/Makefile&quot;  VERBOSE=1 clean" />
            <DistClean command="/usr/bin/make -f &quot;/home/lschreie/ros_hydro_external/src/aau_multi_robot/rendezvous/Makefile&quot;  VERBOSE=1 clean" />
         </MakeCommands>
      </Target>
      <Target title="actionlib_generate_messages_lisp">
         <Option working_dir="/home/lschreie/ros_hydro_external/src/aau_multi_robot/rendezvous" />
         <Option type="4" />
         <MakeCommands>
            <Build command="/usr/bin/make -f &quot;/home/lschreie/ros_hydro_external/src/aau_multi_robot/rendezvous/Makefile&quot;  VERBOSE=1 actionlib_generate_messages_lisp" />
            <CompileFile command="/usr/bin/make -f &quot;/home/lschreie/ros_hydro_external/src/aau_multi_robot/rendezvous/Makefile&quot;  VERBOSE=1 &quot;$file&quot;" />
            <Clean command="/usr/bin/make -f &quot;/home/lschreie/ros_hydro_external/src/aau_multi_robot/rendezvous/Makefile&quot;  VERBOSE=1 clean" />
            <DistClean command="/usr/bin/make -f &quot;/home/lschreie/ros_hydro_external/src/aau_multi_robot/rendezvous/Makefile&quot;  VERBOSE=1 clean" />
         </MakeCommands>
      </Target>
      <Target title="actionlib_generate_messages_py">
         <Option working_dir="/home/lschreie/ros_hydro_external/src/aau_multi_robot/rendezvous" />
         <Option type="4" />
         <MakeCommands>
            <Build command="/usr/bin/make -f &quot;/home/lschreie/ros_hydro_external/src/aau_multi_robot/rendezvous/Makefile&quot;  VERBOSE=1 actionlib_generate_messages_py" />
            <CompileFile command="/usr/bin/make -f &quot;/home/lschreie/ros_hydro_external/src/aau_multi_robot/rendezvous/Makefile&quot;  VERBOSE=1 &quot;$file&quot;" />
            <Clean command="/usr/bin/make -f &quot;/home/lschreie/ros_hydro_external/src/aau_multi_robot/rendezvous/Makefile&quot;  VERBOSE=1 clean" />
            <DistClean command="/usr/bin/make -f &quot;/home/lschreie/ros_hydro_external/src/aau_multi_robot/rendezvous/Makefile&quot;  VERBOSE=1 clean" />
         </MakeCommands>
      </Target>
      <Target title="actionlib_msgs_generate_messages_cpp">
         <Option working_dir="/home/lschreie/ros_hydro_external/src/aau_multi_robot/rendezvous" />
         <Option type="4" />
         <MakeCommands>
            <Build command="/usr/bin/make -f &quot;/home/lschreie/ros_hydro_external/src/aau_multi_robot/rendezvous/Makefile&quot;  VERBOSE=1 actionlib_msgs_generate_messages_cpp" />
            <CompileFile command="/usr/bin/make -f &quot;/home/lschreie/ros_hydro_external/src/aau_multi_robot/rendezvous/Makefile&quot;  VERBOSE=1 &quot;$file&quot;" />
            <Clean command="/usr/bin/make -f &quot;/home/lschreie/ros_hydro_external/src/aau_multi_robot/rendezvous/Makefile&quot;  VERBOSE=1 clean" />
            <DistClean command="/usr/bin/make -f &quot;/home/lschreie/ros_hydro_external/src/aau_multi_robot/rendezvous/Makefile&quot;  VERBOSE=1 clean" />
         </MakeCommands>
      </Target>
      <Target title="actionlib_msgs_generate_messages_lisp">
         <Option working_dir="/home/lschreie/ros_hydro_external/src/aau_multi_robot/rendezvous" />
         <Option type="4" />
         <MakeCommands>
            <Build command="/usr/bin/make -f &quot;/home/lschreie/ros_hydro_external/src/aau_multi_robot/rendezvous/Makefile&quot;  VERBOSE=1 actionlib_msgs_generate_messages_lisp" />
            <CompileFile command="/usr/bin/make -f &quot;/home/lschreie/ros_hydro_external/src/aau_multi_robot/rendezvous/Makefile&quot;  VERBOSE=1 &quot;$file&quot;" />
            <Clean command="/usr/bin/make -f &quot;/home/lschreie/ros_hydro_external/src/aau_multi_robot/rendezvous/Makefile&quot;  VERBOSE=1 clean" />
            <DistClean command="/usr/bin/make -f &quot;/home/lschreie/ros_hydro_external/src/aau_multi_robot/rendezvous/Makefile&quot;  VERBOSE=1 clean" />
         </MakeCommands>
      </Target>
      <Target title="actionlib_msgs_generate_messages_py">
         <Option working_dir="/home/lschreie/ros_hydro_external/src/aau_multi_robot/rendezvous" />
         <Option type="4" />
         <MakeCommands>
            <Build command="/usr/bin/make -f &quot;/home/lschreie/ros_hydro_external/src/aau_multi_robot/rendezvous/Makefile&quot;  VERBOSE=1 actionlib_msgs_generate_messages_py" />
            <CompileFile command="/usr/bin/make -f &quot;/home/lschreie/ros_hydro_external/src/aau_multi_robot/rendezvous/Makefile&quot;  VERBOSE=1 &quot;$file&quot;" />
            <Clean command="/usr/bin/make -f &quot;/home/lschreie/ros_hydro_external/src/aau_multi_robot/rendezvous/Makefile&quot;  VERBOSE=1 clean" />
            <DistClean command="/usr/bin/make -f &quot;/home/lschreie/ros_hydro_external/src/aau_multi_robot/rendezvous/Makefile&quot;  VERBOSE=1 clean" />
         </MakeCommands>
      </Target>
      <Target title="clean_test_results">
         <Option working_dir="/home/lschreie/ros_hydro_external/src/aau_multi_robot/rendezvous" />
         <Option type="4" />
         <MakeCommands>
            <Build command="/usr/bin/make -f &quot;/home/lschreie/ros_hydro_external/src/aau_multi_robot/rendezvous/Makefile&quot;  VERBOSE=1 clean_test_results" />
            <CompileFile command="/usr/bin/make -f &quot;/home/lschreie/ros_hydro_external/src/aau_multi_robot/rendezvous/Makefile&quot;  VERBOSE=1 &quot;$file&quot;" />
            <Clean command="/usr/bin/make -f &quot;/home/lschreie/ros_hydro_external/src/aau_multi_robot/rendezvous/Makefile&quot;  VERBOSE=1 clean" />
            <DistClean command="/usr/bin/make -f &quot;/home/lschreie/ros_hydro_external/src/aau_multi_robot/rendezvous/Makefile&quot;  VERBOSE=1 clean" />
         </MakeCommands>
      </Target>
      <Target title="doxygen">
         <Option working_dir="/home/lschreie/ros_hydro_external/src/aau_multi_robot/rendezvous" />
         <Option type="4" />
         <MakeCommands>
            <Build command="/usr/bin/make -f &quot;/home/lschreie/ros_hydro_external/src/aau_multi_robot/rendezvous/Makefile&quot;  VERBOSE=1 doxygen" />
            <CompileFile command="/usr/bin/make -f &quot;/home/lschreie/ros_hydro_external/src/aau_multi_robot/rendezvous/Makefile&quot;  VERBOSE=1 &quot;$file&quot;" />
            <Clean command="/usr/bin/make -f &quot;/home/lschreie/ros_hydro_external/src/aau_multi_robot/rendezvous/Makefile&quot;  VERBOSE=1 clean" />
            <DistClean command="/usr/bin/make -f &quot;/home/lschreie/ros_hydro_external/src/aau_multi_robot/rendezvous/Makefile&quot;  VERBOSE=1 clean" />
         </MakeCommands>
      </Target>
      <Target title="install">
         <Option working_dir="/home/lschreie/ros_hydro_external/src/aau_multi_robot/rendezvous" />
         <Option type="4" />
         <MakeCommands>
            <Build command="/usr/bin/make -f &quot;/home/lschreie/ros_hydro_external/src/aau_multi_robot/rendezvous/Makefile&quot;  VERBOSE=1 install" />
            <CompileFile command="/usr/bin/make -f &quot;/home/lschreie/ros_hydro_external/src/aau_multi_robot/rendezvous/Makefile&quot;  VERBOSE=1 &quot;$file&quot;" />
            <Clean command="/usr/bin/make -f &quot;/home/lschreie/ros_hydro_external/src/aau_multi_robot/rendezvous/Makefile&quot;  VERBOSE=1 clean" />
            <DistClean command="/usr/bin/make -f &quot;/home/lschreie/ros_hydro_external/src/aau_multi_robot/rendezvous/Makefile&quot;  VERBOSE=1 clean" />
         </MakeCommands>
      </Target>
      <Target title="install/local">
         <Option working_dir="/home/lschreie/ros_hydro_external/src/aau_multi_robot/rendezvous" />
         <Option type="4" />
         <MakeCommands>
            <Build command="/usr/bin/make -f &quot;/home/lschreie/ros_hydro_external/src/aau_multi_robot/rendezvous/Makefile&quot;  VERBOSE=1 install/local" />
            <CompileFile command="/usr/bin/make -f &quot;/home/lschreie/ros_hydro_external/src/aau_multi_robot/rendezvous/Makefile&quot;  VERBOSE=1 &quot;$file&quot;" />
            <Clean command="/usr/bin/make -f &quot;/home/lschreie/ros_hydro_external/src/aau_multi_robot/rendezvous/Makefile&quot;  VERBOSE=1 clean" />
            <DistClean command="/usr/bin/make -f &quot;/home/lschreie/ros_hydro_external/src/aau_multi_robot/rendezvous/Makefile&quot;  VERBOSE=1 clean" />
         </MakeCommands>
      </Target>
      <Target title="install/strip">
         <Option working_dir="/home/lschreie/ros_hydro_external/src/aau_multi_robot/rendezvous" />
         <Option type="4" />
         <MakeCommands>
            <Build command="/usr/bin/make -f &quot;/home/lschreie/ros_hydro_external/src/aau_multi_robot/rendezvous/Makefile&quot;  VERBOSE=1 install/strip" />
            <CompileFile command="/usr/bin/make -f &quot;/home/lschreie/ros_hydro_external/src/aau_multi_robot/rendezvous/Makefile&quot;  VERBOSE=1 &quot;$file&quot;" />
            <Clean command="/usr/bin/make -f &quot;/home/lschreie/ros_hydro_external/src/aau_multi_robot/rendezvous/Makefile&quot;  VERBOSE=1 clean" />
            <DistClean command="/usr/bin/make -f &quot;/home/lschreie/ros_hydro_external/src/aau_multi_robot/rendezvous/Makefile&quot;  VERBOSE=1 clean" />
         </MakeCommands>
      </Target>
      <Target title="list_install_components">
         <Option working_dir="/home/lschreie/ros_hydro_external/src/aau_multi_robot/rendezvous" />
         <Option type="4" />
         <MakeCommands>
            <Build command="/usr/bin/make -f &quot;/home/lschreie/ros_hydro_external/src/aau_multi_robot/rendezvous/Makefile&quot;  VERBOSE=1 list_install_components" />
            <CompileFile command="/usr/bin/make -f &quot;/home/lschreie/ros_hydro_external/src/aau_multi_robot/rendezvous/Makefile&quot;  VERBOSE=1 &quot;$file&quot;" />
            <Clean command="/usr/bin/make -f &quot;/home/lschreie/ros_hydro_external/src/aau_multi_robot/rendezvous/Makefile&quot;  VERBOSE=1 clean" />
            <DistClean command="/usr/bin/make -f &quot;/home/lschreie/ros_hydro_external/src/aau_multi_robot/rendezvous/Makefile&quot;  VERBOSE=1 clean" />
         </MakeCommands>
      </Target>
      <Target title="move_base_msgs_generate_messages_cpp">
         <Option working_dir="/home/lschreie/ros_hydro_external/src/aau_multi_robot/rendezvous" />
         <Option type="4" />
         <MakeCommands>
            <Build command="/usr/bin/make -f &quot;/home/lschreie/ros_hydro_external/src/aau_multi_robot/rendezvous/Makefile&quot;  VERBOSE=1 move_base_msgs_generate_messages_cpp" />
            <CompileFile command="/usr/bin/make -f &quot;/home/lschreie/ros_hydro_external/src/aau_multi_robot/rendezvous/Makefile&quot;  VERBOSE=1 &quot;$file&quot;" />
            <Clean command="/usr/bin/make -f &quot;/home/lschreie/ros_hydro_external/src/aau_multi_robot/rendezvous/Makefile&quot;  VERBOSE=1 clean" />
            <DistClean command="/usr/bin/make -f &quot;/home/lschreie/ros_hydro_external/src/aau_multi_robot/rendezvous/Makefile&quot;  VERBOSE=1 clean" />
         </MakeCommands>
      </Target>
      <Target title="move_base_msgs_generate_messages_lisp">
         <Option working_dir="/home/lschreie/ros_hydro_external/src/aau_multi_robot/rendezvous" />
         <Option type="4" />
         <MakeCommands>
            <Build command="/usr/bin/make -f &quot;/home/lschreie/ros_hydro_external/src/aau_multi_robot/rendezvous/Makefile&quot;  VERBOSE=1 move_base_msgs_generate_messages_lisp" />
            <CompileFile command="/usr/bin/make -f &quot;/home/lschreie/ros_hydro_external/src/aau_multi_robot/rendezvous/Makefile&quot;  VERBOSE=1 &quot;$file&quot;" />
            <Clean command="/usr/bin/make -f &quot;/home/lschreie/ros_hydro_external/src/aau_multi_robot/rendezvous/Makefile&quot;  VERBOSE=1 clean" />
            <DistClean command="/usr/bin/make -f &quot;/home/lschreie/ros_hydro_external/src/aau_multi_robot/rendezvous/Makefile&quot;  VERBOSE=1 clean" />
         </MakeCommands>
      </Target>
      <Target title="move_base_msgs_generate_messages_py">
         <Option working_dir="/home/lschreie/ros_hydro_external/src/aau_multi_robot/rendezvous" />
         <Option type="4" />
         <MakeCommands>
            <Build command="/usr/bin/make -f &quot;/home/lschreie/ros_hydro_external/src/aau_multi_robot/rendezvous/Makefile&quot;  VERBOSE=1 move_base_msgs_generate_messages_py" />
            <CompileFile command="/usr/bin/make -f &quot;/home/lschreie/ros_hydro_external/src/aau_multi_robot/rendezvous/Makefile&quot;  VERBOSE=1 &quot;$file&quot;" />
            <Clean command="/usr/bin/make -f &quot;/home/lschreie/ros_hydro_external/src/aau_multi_robot/rendezvous/Makefile&quot;  VERBOSE=1 clean" />
            <DistClean command="/usr/bin/make -f &quot;/home/lschreie/ros_hydro_external/src/aau_multi_robot/rendezvous/Makefile&quot;  VERBOSE=1 clean" />
         </MakeCommands>
      </Target>
      <Target title="rebuild_cache">
         <Option working_dir="/home/lschreie/ros_hydro_external/src/aau_multi_robot/rendezvous" />
         <Option type="4" />
         <MakeCommands>
            <Build command="/usr/bin/make -f &quot;/home/lschreie/ros_hydro_external/src/aau_multi_robot/rendezvous/Makefile&quot;  VERBOSE=1 rebuild_cache" />
            <CompileFile command="/usr/bin/make -f &quot;/home/lschreie/ros_hydro_external/src/aau_multi_robot/rendezvous/Makefile&quot;  VERBOSE=1 &quot;$file&quot;" />
            <Clean command="/usr/bin/make -f &quot;/home/lschreie/ros_hydro_external/src/aau_multi_robot/rendezvous/Makefile&quot;  VERBOSE=1 clean" />
            <DistClean command="/usr/bin/make -f &quot;/home/lschreie/ros_hydro_external/src/aau_multi_robot/rendezvous/Makefile&quot;  VERBOSE=1 clean" />
         </MakeCommands>
      </Target>
      <Target title="rendezvous">
         <Option output="/home/lschreie/ros_hydro_external/src/aau_multi_robot/rendezvous/devel/lib/rendezvous/rendezvous" prefix_auto="0" extension_auto="0" />
         <Option working_dir="/home/lschreie/ros_hydro_external/src/aau_multi_robot/rendezvous/devel/lib/rendezvous" />
         <Option object_output="./" />
         <Option type="1" />
         <Option compiler="gcc" />
         <Compiler>
            <Add option="-DROS_PACKAGE_NAME=&quot;rendezvous&quot;" />
            <Add option="-DROSCONSOLE_BACKEND_LOG4CXX" />
            <Add directory="/opt/ros/hydro/include" />
            <Add directory="/usr/include" />
            <Add directory="/usr/include/c++/4.6" />
            <Add directory="/usr/include/c++/4.6/backward" />
            <Add directory="/usr/include/c++/4.6/x86_64-linux-gnu/." />
            <Add directory="/usr/include/x86_64-linux-gnu" />
            <Add directory="/usr/lib/gcc/x86_64-linux-gnu/4.6/include" />
            <Add directory="/usr/lib/gcc/x86_64-linux-gnu/4.6/include-fixed" />
            <Add directory="/usr/local/include" />
         </Compiler>
         <MakeCommands>
            <Build command="/usr/bin/make -f &quot;/home/lschreie/ros_hydro_external/src/aau_multi_robot/rendezvous/Makefile&quot;  VERBOSE=1 rendezvous" />
            <CompileFile command="/usr/bin/make -f &quot;/home/lschreie/ros_hydro_external/src/aau_multi_robot/rendezvous/Makefile&quot;  VERBOSE=1 &quot;$file&quot;" />
            <Clean command="/usr/bin/make -f &quot;/home/lschreie/ros_hydro_external/src/aau_multi_robot/rendezvous/Makefile&quot;  VERBOSE=1 clean" />
            <DistClean command="/usr/bin/make -f &quot;/home/lschreie/ros_hydro_external/src/aau_multi_robot/rendezvous/Makefile&quot;  VERBOSE=1 clean" />
         </MakeCommands>
      </Target>
      <Target title="rendezvous/fast">
         <Option output="/home/lschreie/ros_hydro_external/src/aau_multi_robot/rendezvous/devel/lib/rendezvous/rendezvous" prefix_auto="0" extension_auto="0" />
         <Option working_dir="/home/lschreie/ros_hydro_external/src/aau_multi_robot/rendezvous/devel/lib/rendezvous" />
         <Option object_output="./" />
         <Option type="1" />
         <Option compiler="gcc" />
         <Compiler>
            <Add option="-DROS_PACKAGE_NAME=&quot;rendezvous&quot;" />
            <Add option="-DROSCONSOLE_BACKEND_LOG4CXX" />
            <Add directory="/opt/ros/hydro/include" />
            <Add directory="/usr/include" />
            <Add directory="/usr/include/c++/4.6" />
            <Add directory="/usr/include/c++/4.6/backward" />
            <Add directory="/usr/include/c++/4.6/x86_64-linux-gnu/." />
            <Add directory="/usr/include/x86_64-linux-gnu" />
            <Add directory="/usr/lib/gcc/x86_64-linux-gnu/4.6/include" />
            <Add directory="/usr/lib/gcc/x86_64-linux-gnu/4.6/include-fixed" />
            <Add directory="/usr/local/include" />
         </Compiler>
         <MakeCommands>
            <Build command="/usr/bin/make -f &quot;/home/lschreie/ros_hydro_external/src/aau_multi_robot/rendezvous/Makefile&quot;  VERBOSE=1 rendezvous/fast" />
            <CompileFile command="/usr/bin/make -f &quot;/home/lschreie/ros_hydro_external/src/aau_multi_robot/rendezvous/Makefile&quot;  VERBOSE=1 &quot;$file&quot;" />
            <Clean command="/usr/bin/make -f &quot;/home/lschreie/ros_hydro_external/src/aau_multi_robot/rendezvous/Makefile&quot;  VERBOSE=1 clean" />
            <DistClean command="/usr/bin/make -f &quot;/home/lschreie/ros_hydro_external/src/aau_multi_robot/rendezvous/Makefile&quot;  VERBOSE=1 clean" />
         </MakeCommands>
      </Target>
      <Target title="roscpp_generate_messages_cpp">
         <Option working_dir="/home/lschreie/ros_hydro_external/src/aau_multi_robot/rendezvous" />
         <Option type="4" />
         <MakeCommands>
            <Build command="/usr/bin/make -f &quot;/home/lschreie/ros_hydro_external/src/aau_multi_robot/rendezvous/Makefile&quot;  VERBOSE=1 roscpp_generate_messages_cpp" />
            <CompileFile command="/usr/bin/make -f &quot;/home/lschreie/ros_hydro_external/src/aau_multi_robot/rendezvous/Makefile&quot;  VERBOSE=1 &quot;$file&quot;" />
            <Clean command="/usr/bin/make -f &quot;/home/lschreie/ros_hydro_external/src/aau_multi_robot/rendezvous/Makefile&quot;  VERBOSE=1 clean" />
            <DistClean command="/usr/bin/make -f &quot;/home/lschreie/ros_hydro_external/src/aau_multi_robot/rendezvous/Makefile&quot;  VERBOSE=1 clean" />
         </MakeCommands>
      </Target>
      <Target title="roscpp_generate_messages_lisp">
         <Option working_dir="/home/lschreie/ros_hydro_external/src/aau_multi_robot/rendezvous" />
         <Option type="4" />
         <MakeCommands>
            <Build command="/usr/bin/make -f &quot;/home/lschreie/ros_hydro_external/src/aau_multi_robot/rendezvous/Makefile&quot;  VERBOSE=1 roscpp_generate_messages_lisp" />
            <CompileFile command="/usr/bin/make -f &quot;/home/lschreie/ros_hydro_external/src/aau_multi_robot/rendezvous/Makefile&quot;  VERBOSE=1 &quot;$file&quot;" />
            <Clean command="/usr/bin/make -f &quot;/home/lschreie/ros_hydro_external/src/aau_multi_robot/rendezvous/Makefile&quot;  VERBOSE=1 clean" />
            <DistClean command="/usr/bin/make -f &quot;/home/lschreie/ros_hydro_external/src/aau_multi_robot/rendezvous/Makefile&quot;  VERBOSE=1 clean" />
         </MakeCommands>
      </Target>
      <Target title="roscpp_generate_messages_py">
         <Option working_dir="/home/lschreie/ros_hydro_external/src/aau_multi_robot/rendezvous" />
         <Option type="4" />
         <MakeCommands>
            <Build command="/usr/bin/make -f &quot;/home/lschreie/ros_hydro_external/src/aau_multi_robot/rendezvous/Makefile&quot;  VERBOSE=1 roscpp_generate_messages_py" />
            <CompileFile command="/usr/bin/make -f &quot;/home/lschreie/ros_hydro_external/src/aau_multi_robot/rendezvous/Makefile&quot;  VERBOSE=1 &quot;$file&quot;" />
            <Clean command="/usr/bin/make -f &quot;/home/lschreie/ros_hydro_external/src/aau_multi_robot/rendezvous/Makefile&quot;  VERBOSE=1 clean" />
            <DistClean command="/usr/bin/make -f &quot;/home/lschreie/ros_hydro_external/src/aau_multi_robot/rendezvous/Makefile&quot;  VERBOSE=1 clean" />
         </MakeCommands>
      </Target>
      <Target title="rosgraph_msgs_generate_messages_cpp">
         <Option working_dir="/home/lschreie/ros_hydro_external/src/aau_multi_robot/rendezvous" />
         <Option type="4" />
         <MakeCommands>
            <Build command="/usr/bin/make -f &quot;/home/lschreie/ros_hydro_external/src/aau_multi_robot/rendezvous/Makefile&quot;  VERBOSE=1 rosgraph_msgs_generate_messages_cpp" />
            <CompileFile command="/usr/bin/make -f &quot;/home/lschreie/ros_hydro_external/src/aau_multi_robot/rendezvous/Makefile&quot;  VERBOSE=1 &quot;$file&quot;" />
            <Clean command="/usr/bin/make -f &quot;/home/lschreie/ros_hydro_external/src/aau_multi_robot/rendezvous/Makefile&quot;  VERBOSE=1 clean" />
            <DistClean command="/usr/bin/make -f &quot;/home/lschreie/ros_hydro_external/src/aau_multi_robot/rendezvous/Makefile&quot;  VERBOSE=1 clean" />
         </MakeCommands>
      </Target>
      <Target title="rosgraph_msgs_generate_messages_lisp">
         <Option working_dir="/home/lschreie/ros_hydro_external/src/aau_multi_robot/rendezvous" />
         <Option type="4" />
         <MakeCommands>
            <Build command="/usr/bin/make -f &quot;/home/lschreie/ros_hydro_external/src/aau_multi_robot/rendezvous/Makefile&quot;  VERBOSE=1 rosgraph_msgs_generate_messages_lisp" />
            <CompileFile command="/usr/bin/make -f &quot;/home/lschreie/ros_hydro_external/src/aau_multi_robot/rendezvous/Makefile&quot;  VERBOSE=1 &quot;$file&quot;" />
            <Clean command="/usr/bin/make -f &quot;/home/lschreie/ros_hydro_external/src/aau_multi_robot/rendezvous/Makefile&quot;  VERBOSE=1 clean" />
            <DistClean command="/usr/bin/make -f &quot;/home/lschreie/ros_hydro_external/src/aau_multi_robot/rendezvous/Makefile&quot;  VERBOSE=1 clean" />
         </MakeCommands>
      </Target>
      <Target title="rosgraph_msgs_generate_messages_py">
         <Option working_dir="/home/lschreie/ros_hydro_external/src/aau_multi_robot/rendezvous" />
         <Option type="4" />
         <MakeCommands>
            <Build command="/usr/bin/make -f &quot;/home/lschreie/ros_hydro_external/src/aau_multi_robot/rendezvous/Makefile&quot;  VERBOSE=1 rosgraph_msgs_generate_messages_py" />
            <CompileFile command="/usr/bin/make -f &quot;/home/lschreie/ros_hydro_external/src/aau_multi_robot/rendezvous/Makefile&quot;  VERBOSE=1 &quot;$file&quot;" />
            <Clean command="/usr/bin/make -f &quot;/home/lschreie/ros_hydro_external/src/aau_multi_robot/rendezvous/Makefile&quot;  VERBOSE=1 clean" />
            <DistClean command="/usr/bin/make -f &quot;/home/lschreie/ros_hydro_external/src/aau_multi_robot/rendezvous/Makefile&quot;  VERBOSE=1 clean" />
         </MakeCommands>
      </Target>
      <Target title="run_tests">
         <Option working_dir="/home/lschreie/ros_hydro_external/src/aau_multi_robot/rendezvous" />
         <Option type="4" />
         <MakeCommands>
            <Build command="/usr/bin/make -f &quot;/home/lschreie/ros_hydro_external/src/aau_multi_robot/rendezvous/Makefile&quot;  VERBOSE=1 run_tests" />
            <CompileFile command="/usr/bin/make -f &quot;/home/lschreie/ros_hydro_external/src/aau_multi_robot/rendezvous/Makefile&quot;  VERBOSE=1 &quot;$file&quot;" />
            <Clean command="/usr/bin/make -f &quot;/home/lschreie/ros_hydro_external/src/aau_multi_robot/rendezvous/Makefile&quot;  VERBOSE=1 clean" />
            <DistClean command="/usr/bin/make -f &quot;/home/lschreie/ros_hydro_external/src/aau_multi_robot/rendezvous/Makefile&quot;  VERBOSE=1 clean" />
         </MakeCommands>
      </Target>
      <Target title="std_msgs_generate_messages_cpp">
         <Option working_dir="/home/lschreie/ros_hydro_external/src/aau_multi_robot/rendezvous" />
         <Option type="4" />
         <MakeCommands>
            <Build command="/usr/bin/make -f &quot;/home/lschreie/ros_hydro_external/src/aau_multi_robot/rendezvous/Makefile&quot;  VERBOSE=1 std_msgs_generate_messages_cpp" />
            <CompileFile command="/usr/bin/make -f &quot;/home/lschreie/ros_hydro_external/src/aau_multi_robot/rendezvous/Makefile&quot;  VERBOSE=1 &quot;$file&quot;" />
            <Clean command="/usr/bin/make -f &quot;/home/lschreie/ros_hydro_external/src/aau_multi_robot/rendezvous/Makefile&quot;  VERBOSE=1 clean" />
            <DistClean command="/usr/bin/make -f &quot;/home/lschreie/ros_hydro_external/src/aau_multi_robot/rendezvous/Makefile&quot;  VERBOSE=1 clean" />
         </MakeCommands>
      </Target>
      <Target title="std_msgs_generate_messages_lisp">
         <Option working_dir="/home/lschreie/ros_hydro_external/src/aau_multi_robot/rendezvous" />
         <Option type="4" />
         <MakeCommands>
            <Build command="/usr/bin/make -f &quot;/home/lschreie/ros_hydro_external/src/aau_multi_robot/rendezvous/Makefile&quot;  VERBOSE=1 std_msgs_generate_messages_lisp" />
            <CompileFile command="/usr/bin/make -f &quot;/home/lschreie/ros_hydro_external/src/aau_multi_robot/rendezvous/Makefile&quot;  VERBOSE=1 &quot;$file&quot;" />
            <Clean command="/usr/bin/make -f &quot;/home/lschreie/ros_hydro_external/src/aau_multi_robot/rendezvous/Makefile&quot;  VERBOSE=1 clean" />
            <DistClean command="/usr/bin/make -f &quot;/home/lschreie/ros_hydro_external/src/aau_multi_robot/rendezvous/Makefile&quot;  VERBOSE=1 clean" />
         </MakeCommands>
      </Target>
      <Target title="std_msgs_generate_messages_py">
         <Option working_dir="/home/lschreie/ros_hydro_external/src/aau_multi_robot/rendezvous" />
         <Option type="4" />
         <MakeCommands>
            <Build command="/usr/bin/make -f &quot;/home/lschreie/ros_hydro_external/src/aau_multi_robot/rendezvous/Makefile&quot;  VERBOSE=1 std_msgs_generate_messages_py" />
            <CompileFile command="/usr/bin/make -f &quot;/home/lschreie/ros_hydro_external/src/aau_multi_robot/rendezvous/Makefile&quot;  VERBOSE=1 &quot;$file&quot;" />
            <Clean command="/usr/bin/make -f &quot;/home/lschreie/ros_hydro_external/src/aau_multi_robot/rendezvous/Makefile&quot;  VERBOSE=1 clean" />
            <DistClean command="/usr/bin/make -f &quot;/home/lschreie/ros_hydro_external/src/aau_multi_robot/rendezvous/Makefile&quot;  VERBOSE=1 clean" />
         </MakeCommands>
      </Target>
      <Target title="test">
         <Option working_dir="/home/lschreie/ros_hydro_external/src/aau_multi_robot/rendezvous" />
         <Option type="4" />
         <MakeCommands>
            <Build command="/usr/bin/make -f &quot;/home/lschreie/ros_hydro_external/src/aau_multi_robot/rendezvous/Makefile&quot;  VERBOSE=1 test" />
            <CompileFile command="/usr/bin/make -f &quot;/home/lschreie/ros_hydro_external/src/aau_multi_robot/rendezvous/Makefile&quot;  VERBOSE=1 &quot;$file&quot;" />
            <Clean command="/usr/bin/make -f &quot;/home/lschreie/ros_hydro_external/src/aau_multi_robot/rendezvous/Makefile&quot;  VERBOSE=1 clean" />
            <DistClean command="/usr/bin/make -f &quot;/home/lschreie/ros_hydro_external/src/aau_multi_robot/rendezvous/Makefile&quot;  VERBOSE=1 clean" />
         </MakeCommands>
      </Target>
      <Target title="tests">
         <Option working_dir="/home/lschreie/ros_hydro_external/src/aau_multi_robot/rendezvous" />
         <Option type="4" />
         <MakeCommands>
            <Build command="/usr/bin/make -f &quot;/home/lschreie/ros_hydro_external/src/aau_multi_robot/rendezvous/Makefile&quot;  VERBOSE=1 tests" />
            <CompileFile command="/usr/bin/make -f &quot;/home/lschreie/ros_hydro_external/src/aau_multi_robot/rendezvous/Makefile&quot;  VERBOSE=1 &quot;$file&quot;" />
            <Clean command="/usr/bin/make -f &quot;/home/lschreie/ros_hydro_external/src/aau_multi_robot/rendezvous/Makefile&quot;  VERBOSE=1 clean" />
            <DistClean command="/usr/bin/make -f &quot;/home/lschreie/ros_hydro_external/src/aau_multi_robot/rendezvous/Makefile&quot;  VERBOSE=1 clean" />
         </MakeCommands>
      </Target>
      <Target title="gtest">
         <Option output="/home/lschreie/ros_hydro_external/src/aau_multi_robot/rendezvous/gtest/libgtest.so" prefix_auto="0" extension_auto="0" />
         <Option working_dir="/home/lschreie/ros_hydro_external/src/aau_multi_robot/rendezvous/gtest" />
         <Option object_output="./" />
         <Option type="3" />
         <Option compiler="gcc" />
         <Compiler>
            <Add directory="/usr/include" />
            <Add directory="/usr/include/c++/4.6" />
            <Add directory="/usr/include/c++/4.6/backward" />
            <Add directory="/usr/include/c++/4.6/x86_64-linux-gnu/." />
            <Add directory="/usr/include/x86_64-linux-gnu" />
            <Add directory="/usr/lib/gcc/x86_64-linux-gnu/4.6/include" />
            <Add directory="/usr/lib/gcc/x86_64-linux-gnu/4.6/include-fixed" />
            <Add directory="/usr/local/include" />
            <Add directory="/usr/src/gtest" />
            <Add directory="/usr/src/gtest/include" />
         </Compiler>
         <MakeCommands>
            <Build command="/usr/bin/make -f &quot;/home/lschreie/ros_hydro_external/src/aau_multi_robot/rendezvous/gtest/Makefile&quot;  VERBOSE=1 gtest" />
            <CompileFile command="/usr/bin/make -f &quot;/home/lschreie/ros_hydro_external/src/aau_multi_robot/rendezvous/gtest/Makefile&quot;  VERBOSE=1 &quot;$file&quot;" />
            <Clean command="/usr/bin/make -f &quot;/home/lschreie/ros_hydro_external/src/aau_multi_robot/rendezvous/gtest/Makefile&quot;  VERBOSE=1 clean" />
            <DistClean command="/usr/bin/make -f &quot;/home/lschreie/ros_hydro_external/src/aau_multi_robot/rendezvous/gtest/Makefile&quot;  VERBOSE=1 clean" />
         </MakeCommands>
      </Target>
      <Target title="gtest/fast">
         <Option output="/home/lschreie/ros_hydro_external/src/aau_multi_robot/rendezvous/gtest/libgtest.so" prefix_auto="0" extension_auto="0" />
         <Option working_dir="/home/lschreie/ros_hydro_external/src/aau_multi_robot/rendezvous/gtest" />
         <Option object_output="./" />
         <Option type="3" />
         <Option compiler="gcc" />
         <Compiler>
            <Add directory="/usr/include" />
            <Add directory="/usr/include/c++/4.6" />
            <Add directory="/usr/include/c++/4.6/backward" />
            <Add directory="/usr/include/c++/4.6/x86_64-linux-gnu/." />
            <Add directory="/usr/include/x86_64-linux-gnu" />
            <Add directory="/usr/lib/gcc/x86_64-linux-gnu/4.6/include" />
            <Add directory="/usr/lib/gcc/x86_64-linux-gnu/4.6/include-fixed" />
            <Add directory="/usr/local/include" />
            <Add directory="/usr/src/gtest" />
            <Add directory="/usr/src/gtest/include" />
         </Compiler>
         <MakeCommands>
            <Build command="/usr/bin/make -f &quot;/home/lschreie/ros_hydro_external/src/aau_multi_robot/rendezvous/gtest/Makefile&quot;  VERBOSE=1 gtest/fast" />
            <CompileFile command="/usr/bin/make -f &quot;/home/lschreie/ros_hydro_external/src/aau_multi_robot/rendezvous/gtest/Makefile&quot;  VERBOSE=1 &quot;$file&quot;" />
            <Clean command="/usr/bin/make -f &quot;/home/lschreie/ros_hydro_external/src/aau_multi_robot/rendezvous/gtest/Makefile&quot;  VERBOSE=1 clean" />
            <DistClean command="/usr/bin/make -f &quot;/home/lschreie/ros_hydro_external/src/aau_multi_robot/rendezvous/gtest/Makefile&quot;  VERBOSE=1 clean" />
         </MakeCommands>
      </Target>
      <Target title="gtest_main">
         <Option output="/home/lschreie/ros_hydro_external/src/aau_multi_robot/rendezvous/gtest/libgtest_main.so" prefix_auto="0" extension_auto="0" />
         <Option working_dir="/home/lschreie/ros_hydro_external/src/aau_multi_robot/rendezvous/gtest" />
         <Option object_output="./" />
         <Option type="3" />
         <Option compiler="gcc" />
         <Compiler>
            <Add directory="/usr/include" />
            <Add directory="/usr/include/c++/4.6" />
            <Add directory="/usr/include/c++/4.6/backward" />
            <Add directory="/usr/include/c++/4.6/x86_64-linux-gnu/." />
            <Add directory="/usr/include/x86_64-linux-gnu" />
            <Add directory="/usr/lib/gcc/x86_64-linux-gnu/4.6/include" />
            <Add directory="/usr/lib/gcc/x86_64-linux-gnu/4.6/include-fixed" />
            <Add directory="/usr/local/include" />
            <Add directory="/usr/src/gtest" />
            <Add directory="/usr/src/gtest/include" />
         </Compiler>
         <MakeCommands>
            <Build command="/usr/bin/make -f &quot;/home/lschreie/ros_hydro_external/src/aau_multi_robot/rendezvous/gtest/Makefile&quot;  VERBOSE=1 gtest_main" />
            <CompileFile command="/usr/bin/make -f &quot;/home/lschreie/ros_hydro_external/src/aau_multi_robot/rendezvous/gtest/Makefile&quot;  VERBOSE=1 &quot;$file&quot;" />
            <Clean command="/usr/bin/make -f &quot;/home/lschreie/ros_hydro_external/src/aau_multi_robot/rendezvous/gtest/Makefile&quot;  VERBOSE=1 clean" />
            <DistClean command="/usr/bin/make -f &quot;/home/lschreie/ros_hydro_external/src/aau_multi_robot/rendezvous/gtest/Makefile&quot;  VERBOSE=1 clean" />
         </MakeCommands>
      </Target>
      <Target title="gtest_main/fast">
         <Option output="/home/lschreie/ros_hydro_external/src/aau_multi_robot/rendezvous/gtest/libgtest_main.so" prefix_auto="0" extension_auto="0" />
         <Option working_dir="/home/lschreie/ros_hydro_external/src/aau_multi_robot/rendezvous/gtest" />
         <Option object_output="./" />
         <Option type="3" />
         <Option compiler="gcc" />
         <Compiler>
            <Add directory="/usr/include" />
            <Add directory="/usr/include/c++/4.6" />
            <Add directory="/usr/include/c++/4.6/backward" />
            <Add directory="/usr/include/c++/4.6/x86_64-linux-gnu/." />
            <Add directory="/usr/include/x86_64-linux-gnu" />
            <Add directory="/usr/lib/gcc/x86_64-linux-gnu/4.6/include" />
            <Add directory="/usr/lib/gcc/x86_64-linux-gnu/4.6/include-fixed" />
            <Add directory="/usr/local/include" />
            <Add directory="/usr/src/gtest" />
            <Add directory="/usr/src/gtest/include" />
         </Compiler>
         <MakeCommands>
            <Build command="/usr/bin/make -f &quot;/home/lschreie/ros_hydro_external/src/aau_multi_robot/rendezvous/gtest/Makefile&quot;  VERBOSE=1 gtest_main/fast" />
            <CompileFile command="/usr/bin/make -f &quot;/home/lschreie/ros_hydro_external/src/aau_multi_robot/rendezvous/gtest/Makefile&quot;  VERBOSE=1 &quot;$file&quot;" />
            <Clean command="/usr/bin/make -f &quot;/home/lschreie/ros_hydro_external/src/aau_multi_robot/rendezvous/gtest/Makefile&quot;  VERBOSE=1 clean" />
            <DistClean command="/usr/bin/make -f &quot;/home/lschreie/ros_hydro_external/src/aau_multi_robot/rendezvous/gtest/Makefile&quot;  VERBOSE=1 clean" />
         </MakeCommands>
      </Target>
      </Build>
      <Unit filename="/home/lschreie/ros_hydro_external/src/aau_multi_robot/rendezvous/src/main.cpp">
      </Unit>
      <Unit filename="/home/lschreie/ros_hydro_external/src/aau_multi_robot/rendezvous/src/rendezvous.cpp">
      </Unit>
      <Unit filename="/usr/src/gtest/src/gtest-all.cc">
      </Unit>
      <Unit filename="/usr/src/gtest/src/gtest_main.cc">
      </Unit>
      <Unit filename="/home/lschreie/ros_hydro_external/src/aau_multi_robot/rendezvous/src/rendezvous.h">
      </Unit>
      <Unit filename="/home/lschreie/ros_hydro_external/src/aau_multi_robot/rendezvous/CMakeLists.txt">
          <Option virtualFolder="CMake Files\" />
      </Unit>
      <Unit filename="/home/lschreie/ros_hydro_external/src/aau_multi_robot/rendezvous/package.xml">
          <Option virtualFolder="CMake Files\" />
      </Unit>
      <Unit filename="/home/lschreie/ros_hydro_external/src/aau_multi_robot/rendezvous/../../../../../../usr/src/gtest/CMakeLists.txt">
          <Option virtualFolder="CMake Files\..\..\..\..\..\..\usr\src\gtest\" />
      </Unit>
      <Unit filename="/home/lschreie/ros_hydro_external/src/aau_multi_robot/rendezvous/../../../../../../usr/src/gtest/CMakeLists.txt">
          <Option virtualFolder="CMake Files\..\..\..\..\..\..\usr\src\gtest\" />
      </Unit>
      <Unit filename="/home/lschreie/ros_hydro_external/src/aau_multi_robot/rendezvous/../../../../../../usr/src/gtest/cmake/internal_utils.cmake">
          <Option virtualFolder="CMake Files\..\..\..\..\..\..\usr\src\gtest\cmake\" />
      </Unit>
      <Unit filename="/home/lschreie/ros_hydro_external/src/aau_multi_robot/rendezvous/../../../../../../usr/src/gtest/cmake/internal_utils.cmake">
          <Option virtualFolder="CMake Files\..\..\..\..\..\..\usr\src\gtest\cmake\" />
      </Unit>
      <Unit filename="/home/lschreie/ros_hydro_external/src/aau_multi_robot/rendezvous/../../../../../../opt/ros/hydro/share/catkin/cmake/catkinConfig-version.cmake">
          <Option virtualFolder="CMake Files\..\..\..\..\..\..\opt\ros\hydro\share\catkin\cmake\" />
      </Unit>
      <Unit filename="/home/lschreie/ros_hydro_external/src/aau_multi_robot/rendezvous/../../../../../../opt/ros/hydro/share/catkin/cmake/catkinConfig.cmake">
          <Option virtualFolder="CMake Files\..\..\..\..\..\..\opt\ros\hydro\share\catkin\cmake\" />
      </Unit>
      <Unit filename="/home/lschreie/ros_hydro_external/src/aau_multi_robot/rendezvous/../../../../../../opt/ros/hydro/share/catkin/cmake/all.cmake">
          <Option virtualFolder="CMake Files\..\..\..\..\..\..\opt\ros\hydro\share\catkin\cmake\" />
      </Unit>
      <Unit filename="/home/lschreie/ros_hydro_external/src/aau_multi_robot/rendezvous/../../../../../../opt/ros/hydro/share/catkin/cmake/assert.cmake">
          <Option virtualFolder="CMake Files\..\..\..\..\..\..\opt\ros\hydro\share\catkin\cmake\" />
      </Unit>
      <Unit filename="/home/lschreie/ros_hydro_external/src/aau_multi_robot/rendezvous/../../../../../../opt/ros/hydro/share/catkin/cmake/atomic_configure_file.cmake">
          <Option virtualFolder="CMake Files\..\..\..\..\..\..\opt\ros\hydro\share\catkin\cmake\" />
      </Unit>
      <Unit filename="/home/lschreie/ros_hydro_external/src/aau_multi_robot/rendezvous/../../../../../../opt/ros/hydro/share/catkin/cmake/catkin_add_env_hooks.cmake">
          <Option virtualFolder="CMake Files\..\..\..\..\..\..\opt\ros\hydro\share\catkin\cmake\" />
      </Unit>
      <Unit filename="/home/lschreie/ros_hydro_external/src/aau_multi_robot/rendezvous/../../../../../../opt/ros/hydro/share/catkin/cmake/catkin_destinations.cmake">
          <Option virtualFolder="CMake Files\..\..\..\..\..\..\opt\ros\hydro\share\catkin\cmake\" />
      </Unit>
      <Unit filename="/home/lschreie/ros_hydro_external/src/aau_multi_robot/rendezvous/../../../../../../opt/ros/hydro/share/catkin/cmake/catkin_generate_environment.cmake">
          <Option virtualFolder="CMake Files\..\..\..\..\..\..\opt\ros\hydro\share\catkin\cmake\" />
      </Unit>
      <Unit filename="/home/lschreie/ros_hydro_external/src/aau_multi_robot/rendezvous/../../../../../../opt/ros/hydro/share/catkin/cmake/catkin_install_python.cmake">
          <Option virtualFolder="CMake Files\..\..\..\..\..\..\opt\ros\hydro\share\catkin\cmake\" />
      </Unit>
      <Unit filename="/home/lschreie/ros_hydro_external/src/aau_multi_robot/rendezvous/../../../../../../opt/ros/hydro/share/catkin/cmake/catkin_libraries.cmake">
          <Option virtualFolder="CMake Files\..\..\..\..\..\..\opt\ros\hydro\share\catkin\cmake\" />
      </Unit>
      <Unit filename="/home/lschreie/ros_hydro_external/src/aau_multi_robot/rendezvous/../../../../../../opt/ros/hydro/share/catkin/cmake/catkin_metapackage.cmake">
          <Option virtualFolder="CMake Files\..\..\..\..\..\..\opt\ros\hydro\share\catkin\cmake\" />
      </Unit>
      <Unit filename="/home/lschreie/ros_hydro_external/src/aau_multi_robot/rendezvous/../../../../../../opt/ros/hydro/share/catkin/cmake/catkin_package.cmake">
          <Option virtualFolder="CMake Files\..\..\..\..\..\..\opt\ros\hydro\share\catkin\cmake\" />
      </Unit>
      <Unit filename="/home/lschreie/ros_hydro_external/src/aau_multi_robot/rendezvous/../../../../../../opt/ros/hydro/share/catkin/cmake/catkin_package_xml.cmake">
          <Option virtualFolder="CMake Files\..\..\..\..\..\..\opt\ros\hydro\share\catkin\cmake\" />
      </Unit>
      <Unit filename="/home/lschreie/ros_hydro_external/src/aau_multi_robot/rendezvous/../../../../../../opt/ros/hydro/share/catkin/cmake/catkin_workspace.cmake">
          <Option virtualFolder="CMake Files\..\..\..\..\..\..\opt\ros\hydro\share\catkin\cmake\" />
      </Unit>
      <Unit filename="/home/lschreie/ros_hydro_external/src/aau_multi_robot/rendezvous/../../../../../../opt/ros/hydro/share/catkin/cmake/debug_message.cmake">
          <Option virtualFolder="CMake Files\..\..\..\..\..\..\opt\ros\hydro\share\catkin\cmake\" />
      </Unit>
      <Unit filename="/home/lschreie/ros_hydro_external/src/aau_multi_robot/rendezvous/../../../../../../opt/ros/hydro/share/catkin/cmake/em_expand.cmake">
          <Option virtualFolder="CMake Files\..\..\..\..\..\..\opt\ros\hydro\share\catkin\cmake\" />
      </Unit>
      <Unit filename="/home/lschreie/ros_hydro_external/src/aau_multi_robot/rendezvous/../../../../../../opt/ros/hydro/share/catkin/cmake/python.cmake">
          <Option virtualFolder="CMake Files\..\..\..\..\..\..\opt\ros\hydro\share\catkin\cmake\" />
      </Unit>
      <Unit filename="/home/lschreie/ros_hydro_external/src/aau_multi_robot/rendezvous/../../../../../../opt/ros/hydro/share/catkin/cmake/empy.cmake">
          <Option virtualFolder="CMake Files\..\..\..\..\..\..\opt\ros\hydro\share\catkin\cmake\" />
      </Unit>
      <Unit filename="/home/lschreie/ros_hydro_external/src/aau_multi_robot/rendezvous/../../../../../../opt/ros/hydro/share/catkin/cmake/find_program_required.cmake">
          <Option virtualFolder="CMake Files\..\..\..\..\..\..\opt\ros\hydro\share\catkin\cmake\" />
      </Unit>
      <Unit filename="/home/lschreie/ros_hydro_external/src/aau_multi_robot/rendezvous/../../../../../../opt/ros/hydro/share/catkin/cmake/legacy.cmake">
          <Option virtualFolder="CMake Files\..\..\..\..\..\..\opt\ros\hydro\share\catkin\cmake\" />
      </Unit>
      <Unit filename="/home/lschreie/ros_hydro_external/src/aau_multi_robot/rendezvous/../../../../../../opt/ros/hydro/share/catkin/cmake/list_append_deduplicate.cmake">
          <Option virtualFolder="CMake Files\..\..\..\..\..\..\opt\ros\hydro\share\catkin\cmake\" />
      </Unit>
      <Unit filename="/home/lschreie/ros_hydro_external/src/aau_multi_robot/rendezvous/../../../../../../opt/ros/hydro/share/catkin/cmake/list_append_unique.cmake">
          <Option virtualFolder="CMake Files\..\..\..\..\..\..\opt\ros\hydro\share\catkin\cmake\" />
      </Unit>
      <Unit filename="/home/lschreie/ros_hydro_external/src/aau_multi_robot/rendezvous/../../../../../../opt/ros/hydro/share/catkin/cmake/list_insert_in_workspace_order.cmake">
          <Option virtualFolder="CMake Files\..\..\..\..\..\..\opt\ros\hydro\share\catkin\cmake\" />
      </Unit>
      <Unit filename="/home/lschreie/ros_hydro_external/src/aau_multi_robot/rendezvous/../../../../../../opt/ros/hydro/share/catkin/cmake/parse_arguments.cmake">
          <Option virtualFolder="CMake Files\..\..\..\..\..\..\opt\ros\hydro\share\catkin\cmake\" />
      </Unit>
      <Unit filename="/home/lschreie/ros_hydro_external/src/aau_multi_robot/rendezvous/../../../../../../opt/ros/hydro/share/catkin/cmake/safe_execute_process.cmake">
          <Option virtualFolder="CMake Files\..\..\..\..\..\..\opt\ros\hydro\share\catkin\cmake\" />
      </Unit>
      <Unit filename="/home/lschreie/ros_hydro_external/src/aau_multi_robot/rendezvous/../../../../../../opt/ros/hydro/share/catkin/cmake/stamp.cmake">
          <Option virtualFolder="CMake Files\..\..\..\..\..\..\opt\ros\hydro\share\catkin\cmake\" />
      </Unit>
      <Unit filename="/home/lschreie/ros_hydro_external/src/aau_multi_robot/rendezvous/../../../../../../opt/ros/hydro/share/catkin/cmake/string_starts_with.cmake">
          <Option virtualFolder="CMake Files\..\..\..\..\..\..\opt\ros\hydro\share\catkin\cmake\" />
      </Unit>
      <Unit filename="/home/lschreie/ros_hydro_external/src/aau_multi_robot/rendezvous/../../../../../../opt/ros/hydro/share/catkin/cmake/catkin_python_setup.cmake">
          <Option virtualFolder="CMake Files\..\..\..\..\..\..\opt\ros\hydro\share\catkin\cmake\" />
      </Unit>
      <Unit filename="/home/lschreie/ros_hydro_external/src/aau_multi_robot/rendezvous/../../../../../../opt/ros/hydro/share/catkin/cmake/interrogate_setup_dot_py.py">
          <Option virtualFolder="CMake Files\..\..\..\..\..\..\opt\ros\hydro\share\catkin\cmake\" />
      </Unit>
      <Unit filename="/home/lschreie/ros_hydro_external/src/aau_multi_robot/rendezvous/../../../../../../opt/ros/hydro/share/catkin/cmake/platform/lsb.cmake">
          <Option virtualFolder="CMake Files\..\..\..\..\..\..\opt\ros\hydro\share\catkin\cmake\platform\" />
      </Unit>
      <Unit filename="/home/lschreie/ros_hydro_external/src/aau_multi_robot/rendezvous/../../../../../../opt/ros/hydro/share/catkin/cmake/platform/ubuntu.cmake">
          <Option virtualFolder="CMake Files\..\..\..\..\..\..\opt\ros\hydro\share\catkin\cmake\platform\" />
      </Unit>
      <Unit filename="/home/lschreie/ros_hydro_external/src/aau_multi_robot/rendezvous/../../../../../../opt/ros/hydro/share/catkin/cmake/platform/windows.cmake">
          <Option virtualFolder="CMake Files\..\..\..\..\..\..\opt\ros\hydro\share\catkin\cmake\platform\" />
      </Unit>
      <Unit filename="/home/lschreie/ros_hydro_external/src/aau_multi_robot/rendezvous/../../../../../../opt/ros/hydro/share/catkin/cmake/test/tests.cmake">
          <Option virtualFolder="CMake Files\..\..\..\..\..\..\opt\ros\hydro\share\catkin\cmake\test\" />
      </Unit>
      <Unit filename="/home/lschreie/ros_hydro_external/src/aau_multi_robot/rendezvous/../../../../../../opt/ros/hydro/share/catkin/cmake/test/catkin_download_test_data.cmake">
          <Option virtualFolder="CMake Files\..\..\..\..\..\..\opt\ros\hydro\share\catkin\cmake\test\" />
      </Unit>
      <Unit filename="/home/lschreie/ros_hydro_external/src/aau_multi_robot/rendezvous/../../../../../../opt/ros/hydro/share/catkin/cmake/test/download_test_data.cmake">
          <Option virtualFolder="CMake Files\..\..\..\..\..\..\opt\ros\hydro\share\catkin\cmake\test\" />
      </Unit>
      <Unit filename="/home/lschreie/ros_hydro_external/src/aau_multi_robot/rendezvous/../../../../../../opt/ros/hydro/share/catkin/cmake/test/gtest.cmake">
          <Option virtualFolder="CMake Files\..\..\..\..\..\..\opt\ros\hydro\share\catkin\cmake\test\" />
      </Unit>
      <Unit filename="/home/lschreie/ros_hydro_external/src/aau_multi_robot/rendezvous/../../../../../../opt/ros/hydro/share/catkin/cmake/test/nosetests.cmake">
          <Option virtualFolder="CMake Files\..\..\..\..\..\..\opt\ros\hydro\share\catkin\cmake\test\" />
      </Unit>
      <Unit filename="/home/lschreie/ros_hydro_external/src/aau_multi_robot/rendezvous/../../../../../../opt/ros/hydro/share/catkin/cmake/tools/doxygen.cmake">
          <Option virtualFolder="CMake Files\..\..\..\..\..\..\opt\ros\hydro\share\catkin\cmake\tools\" />
      </Unit>
      <Unit filename="/home/lschreie/ros_hydro_external/src/aau_multi_robot/rendezvous/../../../../../../opt/ros/hydro/share/catkin/cmake/tools/libraries.cmake">
          <Option virtualFolder="CMake Files\..\..\..\..\..\..\opt\ros\hydro\share\catkin\cmake\tools\" />
      </Unit>
      <Unit filename="/home/lschreie/ros_hydro_external/src/aau_multi_robot/rendezvous/../../../../../../opt/ros/hydro/share/catkin/cmake/tools/rt.cmake">
          <Option virtualFolder="CMake Files\..\..\..\..\..\..\opt\ros\hydro\share\catkin\cmake\tools\" />
      </Unit>
      <Unit filename="/home/lschreie/ros_hydro_external/src/aau_multi_robot/rendezvous/../../../../../../opt/ros/hydro/share/catkin/cmake/../package.xml">
          <Option virtualFolder="CMake Files\..\..\..\..\..\..\opt\ros\hydro\share\catkin\cmake\..\" />
      </Unit>
      <Unit filename="/home/lschreie/ros_hydro_external/src/aau_multi_robot/rendezvous/../../../../../../opt/ros/hydro/share/catkin/cmake/templates/_setup_util.py.in">
          <Option virtualFolder="CMake Files\..\..\..\..\..\..\opt\ros\hydro\share\catkin\cmake\templates\" />
      </Unit>
      <Unit filename="/home/lschreie/ros_hydro_external/src/aau_multi_robot/rendezvous/../../../../../../opt/ros/hydro/share/catkin/cmake/templates/env.sh.in">
          <Option virtualFolder="CMake Files\..\..\..\..\..\..\opt\ros\hydro\share\catkin\cmake\templates\" />
      </Unit>
      <Unit filename="/home/lschreie/ros_hydro_external/src/aau_multi_robot/rendezvous/../../../../../../opt/ros/hydro/share/catkin/cmake/templates/setup.bash.in">
          <Option virtualFolder="CMake Files\..\..\..\..\..\..\opt\ros\hydro\share\catkin\cmake\templates\" />
      </Unit>
      <Unit filename="/home/lschreie/ros_hydro_external/src/aau_multi_robot/rendezvous/../../../../../../opt/ros/hydro/share/catkin/cmake/templates/setup.sh.in">
          <Option virtualFolder="CMake Files\..\..\..\..\..\..\opt\ros\hydro\share\catkin\cmake\templates\" />
      </Unit>
      <Unit filename="/home/lschreie/ros_hydro_external/src/aau_multi_robot/rendezvous/../../../../../../opt/ros/hydro/share/catkin/cmake/templates/setup.zsh.in">
          <Option virtualFolder="CMake Files\..\..\..\..\..\..\opt\ros\hydro\share\catkin\cmake\templates\" />
      </Unit>
      <Unit filename="/home/lschreie/ros_hydro_external/src/aau_multi_robot/rendezvous/../../../../../../opt/ros/hydro/share/catkin/cmake/templates/rosinstall.in">
          <Option virtualFolder="CMake Files\..\..\..\..\..\..\opt\ros\hydro\share\catkin\cmake\templates\" />
      </Unit>
      <Unit filename="/home/lschreie/ros_hydro_external/src/aau_multi_robot/rendezvous/../../../../../../opt/ros/hydro/share/catkin/cmake/templates/_setup_util.py.in">
          <Option virtualFolder="CMake Files\..\..\..\..\..\..\opt\ros\hydro\share\catkin\cmake\templates\" />
      </Unit>
      <Unit filename="/home/lschreie/ros_hydro_external/src/aau_multi_robot/rendezvous/../../../../../../opt/ros/hydro/share/catkin/cmake/templates/env.sh.in">
          <Option virtualFolder="CMake Files\..\..\..\..\..\..\opt\ros\hydro\share\catkin\cmake\templates\" />
      </Unit>
      <Unit filename="/home/lschreie/ros_hydro_external/src/aau_multi_robot/rendezvous/../../../../../../opt/ros/hydro/share/catkin/cmake/templates/setup.bash.in">
          <Option virtualFolder="CMake Files\..\..\..\..\..\..\opt\ros\hydro\share\catkin\cmake\templates\" />
      </Unit>
      <Unit filename="/home/lschreie/ros_hydro_external/src/aau_multi_robot/rendezvous/../../../../../../opt/ros/hydro/share/catkin/cmake/templates/setup.sh.in">
          <Option virtualFolder="CMake Files\..\..\..\..\..\..\opt\ros\hydro\share\catkin\cmake\templates\" />
      </Unit>
      <Unit filename="/home/lschreie/ros_hydro_external/src/aau_multi_robot/rendezvous/../../../../../../opt/ros/hydro/share/catkin/cmake/templates/setup.zsh.in">
          <Option virtualFolder="CMake Files\..\..\..\..\..\..\opt\ros\hydro\share\catkin\cmake\templates\" />
      </Unit>
      <Unit filename="/home/lschreie/ros_hydro_external/src/aau_multi_robot/rendezvous/../../../../../../opt/ros/hydro/share/catkin/cmake/templates/rosinstall.in">
          <Option virtualFolder="CMake Files\..\..\..\..\..\..\opt\ros\hydro\share\catkin\cmake\templates\" />
      </Unit>
      <Unit filename="/home/lschreie/ros_hydro_external/src/aau_multi_robot/rendezvous/../../../../../../opt/ros/hydro/share/catkin/cmake/templates/generate_cached_setup.py.in">
          <Option virtualFolder="CMake Files\..\..\..\..\..\..\opt\ros\hydro\share\catkin\cmake\templates\" />
      </Unit>
      <Unit filename="/home/lschreie/ros_hydro_external/src/aau_multi_robot/rendezvous/../../../../../../opt/ros/hydro/share/catkin/cmake/templates/env.sh.in">
          <Option virtualFolder="CMake Files\..\..\..\..\..\..\opt\ros\hydro\share\catkin\cmake\templates\" />
      </Unit>
      <Unit filename="/home/lschreie/ros_hydro_external/src/aau_multi_robot/rendezvous/../../../../../../opt/ros/hydro/share/catkin/cmake/templates/pkg.context.pc.in">
          <Option virtualFolder="CMake Files\..\..\..\..\..\..\opt\ros\hydro\share\catkin\cmake\templates\" />
      </Unit>
      <Unit filename="/home/lschreie/ros_hydro_external/src/aau_multi_robot/rendezvous/../../../../../../opt/ros/hydro/share/catkin/cmake/templates/pkgConfig.cmake.in">
          <Option virtualFolder="CMake Files\..\..\..\..\..\..\opt\ros\hydro\share\catkin\cmake\templates\" />
      </Unit>
      <Unit filename="/home/lschreie/ros_hydro_external/src/aau_multi_robot/rendezvous/../../../../../../opt/ros/hydro/share/catkin/cmake/templates/pkgConfig-version.cmake.in">
          <Option virtualFolder="CMake Files\..\..\..\..\..\..\opt\ros\hydro\share\catkin\cmake\templates\" />
      </Unit>
      <Unit filename="/home/lschreie/ros_hydro_external/src/aau_multi_robot/rendezvous/../../../../../../opt/ros/hydro/share/catkin/cmake/templates/pkg.context.pc.in">
          <Option virtualFolder="CMake Files\..\..\..\..\..\..\opt\ros\hydro\share\catkin\cmake\templates\" />
      </Unit>
      <Unit filename="/home/lschreie/ros_hydro_external/src/aau_multi_robot/rendezvous/../../../../../../opt/ros/hydro/share/catkin/cmake/templates/pkgConfig.cmake.in">
          <Option virtualFolder="CMake Files\..\..\..\..\..\..\opt\ros\hydro\share\catkin\cmake\templates\" />
      </Unit>
      <Unit filename="/home/lschreie/ros_hydro_external/src/aau_multi_robot/rendezvous/../../../../../../opt/ros/hydro/share/catkin/cmake/templates/pkgConfig-version.cmake.in">
          <Option virtualFolder="CMake Files\..\..\..\..\..\..\opt\ros\hydro\share\catkin\cmake\templates\" />
      </Unit>
      <Unit filename="/home/lschreie/ros_hydro_external/src/aau_multi_robot/rendezvous/../../../../../../opt/ros/hydro/share/catkin/cmake/env-hooks/05.catkin-test-results.sh.develspace.in">
          <Option virtualFolder="CMake Files\..\..\..\..\..\..\opt\ros\hydro\share\catkin\cmake\env-hooks\" />
      </Unit>
      <Unit filename="/home/lschreie/ros_hydro_external/src/aau_multi_robot/rendezvous/../../../../../../opt/ros/hydro/share/catkin/cmake/em/pkg.pc.em">
          <Option virtualFolder="CMake Files\..\..\..\..\..\..\opt\ros\hydro\share\catkin\cmake\em\" />
      </Unit>
      <Unit filename="/home/lschreie/ros_hydro_external/src/aau_multi_robot/rendezvous/../../../../../../opt/ros/hydro/share/catkin/cmake/em/pkg.pc.em">
          <Option virtualFolder="CMake Files\..\..\..\..\..\..\opt\ros\hydro\share\catkin\cmake\em\" />
      </Unit>
      <Unit filename="/home/lschreie/ros_hydro_external/src/aau_multi_robot/rendezvous/../../../../../../opt/ros/hydro/share/roscpp/cmake/roscppConfig-version.cmake">
          <Option virtualFolder="CMake Files\..\..\..\..\..\..\opt\ros\hydro\share\roscpp\cmake\" />
      </Unit>
      <Unit filename="/home/lschreie/ros_hydro_external/src/aau_multi_robot/rendezvous/../../../../../../opt/ros/hydro/share/roscpp/cmake/roscppConfig.cmake">
          <Option virtualFolder="CMake Files\..\..\..\..\..\..\opt\ros\hydro\share\roscpp\cmake\" />
      </Unit>
      <Unit filename="/home/lschreie/ros_hydro_external/src/aau_multi_robot/rendezvous/../../../../../../opt/ros/hydro/share/roscpp/cmake/roscpp-msg-extras.cmake">
          <Option virtualFolder="CMake Files\..\..\..\..\..\..\opt\ros\hydro\share\roscpp\cmake\" />
      </Unit>
      <Unit filename="/home/lschreie/ros_hydro_external/src/aau_multi_robot/rendezvous/../../../../../../opt/ros/hydro/share/cpp_common/cmake/cpp_commonConfig-version.cmake">
          <Option virtualFolder="CMake Files\..\..\..\..\..\..\opt\ros\hydro\share\cpp_common\cmake\" />
      </Unit>
      <Unit filename="/home/lschreie/ros_hydro_external/src/aau_multi_robot/rendezvous/../../../../../../opt/ros/hydro/share/cpp_common/cmake/cpp_commonConfig.cmake">
          <Option virtualFolder="CMake Files\..\..\..\..\..\..\opt\ros\hydro\share\cpp_common\cmake\" />
      </Unit>
      <Unit filename="/home/lschreie/ros_hydro_external/src/aau_multi_robot/rendezvous/../../../../../../opt/ros/hydro/share/message_runtime/cmake/message_runtimeConfig-version.cmake">
          <Option virtualFolder="CMake Files\..\..\..\..\..\..\opt\ros\hydro\share\message_runtime\cmake\" />
      </Unit>
      <Unit filename="/home/lschreie/ros_hydro_external/src/aau_multi_robot/rendezvous/../../../../../../opt/ros/hydro/share/message_runtime/cmake/message_runtimeConfig.cmake">
          <Option virtualFolder="CMake Files\..\..\..\..\..\..\opt\ros\hydro\share\message_runtime\cmake\" />
      </Unit>
      <Unit filename="/home/lschreie/ros_hydro_external/src/aau_multi_robot/rendezvous/../../../../../../opt/ros/hydro/share/roscpp_serialization/cmake/roscpp_serializationConfig-version.cmake">
          <Option virtualFolder="CMake Files\..\..\..\..\..\..\opt\ros\hydro\share\roscpp_serialization\cmake\" />
      </Unit>
      <Unit filename="/home/lschreie/ros_hydro_external/src/aau_multi_robot/rendezvous/../../../../../../opt/ros/hydro/share/roscpp_serialization/cmake/roscpp_serializationConfig.cmake">
          <Option virtualFolder="CMake Files\..\..\..\..\..\..\opt\ros\hydro\share\roscpp_serialization\cmake\" />
      </Unit>
      <Unit filename="/home/lschreie/ros_hydro_external/src/aau_multi_robot/rendezvous/../../../../../../opt/ros/hydro/share/roscpp_traits/cmake/roscpp_traitsConfig-version.cmake">
          <Option virtualFolder="CMake Files\..\..\..\..\..\..\opt\ros\hydro\share\roscpp_traits\cmake\" />
      </Unit>
      <Unit filename="/home/lschreie/ros_hydro_external/src/aau_multi_robot/rendezvous/../../../../../../opt/ros/hydro/share/roscpp_traits/cmake/roscpp_traitsConfig.cmake">
          <Option virtualFolder="CMake Files\..\..\..\..\..\..\opt\ros\hydro\share\roscpp_traits\cmake\" />
      </Unit>
      <Unit filename="/home/lschreie/ros_hydro_external/src/aau_multi_robot/rendezvous/../../../../../../opt/ros/hydro/share/rostime/cmake/rostimeConfig-version.cmake">
          <Option virtualFolder="CMake Files\..\..\..\..\..\..\opt\ros\hydro\share\rostime\cmake\" />
      </Unit>
      <Unit filename="/home/lschreie/ros_hydro_external/src/aau_multi_robot/rendezvous/../../../../../../opt/ros/hydro/share/rostime/cmake/rostimeConfig.cmake">
          <Option virtualFolder="CMake Files\..\..\..\..\..\..\opt\ros\hydro\share\rostime\cmake\" />
      </Unit>
      <Unit filename="/home/lschreie/ros_hydro_external/src/aau_multi_robot/rendezvous/../../../../../../opt/ros/hydro/share/rosconsole/cmake/rosconsoleConfig-version.cmake">
          <Option virtualFolder="CMake Files\..\..\..\..\..\..\opt\ros\hydro\share\rosconsole\cmake\" />
      </Unit>
      <Unit filename="/home/lschreie/ros_hydro_external/src/aau_multi_robot/rendezvous/../../../../../../opt/ros/hydro/share/rosconsole/cmake/rosconsoleConfig.cmake">
          <Option virtualFolder="CMake Files\..\..\..\..\..\..\opt\ros\hydro\share\rosconsole\cmake\" />
      </Unit>
      <Unit filename="/home/lschreie/ros_hydro_external/src/aau_multi_robot/rendezvous/../../../../../../opt/ros/hydro/share/rosconsole/cmake/rosconsole-extras.cmake">
          <Option virtualFolder="CMake Files\..\..\..\..\..\..\opt\ros\hydro\share\rosconsole\cmake\" />
      </Unit>
      <Unit filename="/home/lschreie/ros_hydro_external/src/aau_multi_robot/rendezvous/../../../../../../opt/ros/hydro/share/rosgraph_msgs/cmake/rosgraph_msgsConfig-version.cmake">
          <Option virtualFolder="CMake Files\..\..\..\..\..\..\opt\ros\hydro\share\rosgraph_msgs\cmake\" />
      </Unit>
      <Unit filename="/home/lschreie/ros_hydro_external/src/aau_multi_robot/rendezvous/../../../../../../opt/ros/hydro/share/rosgraph_msgs/cmake/rosgraph_msgsConfig.cmake">
          <Option virtualFolder="CMake Files\..\..\..\..\..\..\opt\ros\hydro\share\rosgraph_msgs\cmake\" />
      </Unit>
      <Unit filename="/home/lschreie/ros_hydro_external/src/aau_multi_robot/rendezvous/../../../../../../opt/ros/hydro/share/rosgraph_msgs/cmake/rosgraph_msgs-msg-extras.cmake">
          <Option virtualFolder="CMake Files\..\..\..\..\..\..\opt\ros\hydro\share\rosgraph_msgs\cmake\" />
      </Unit>
      <Unit filename="/home/lschreie/ros_hydro_external/src/aau_multi_robot/rendezvous/../../../../../../opt/ros/hydro/share/std_msgs/cmake/std_msgsConfig-version.cmake">
          <Option virtualFolder="CMake Files\..\..\..\..\..\..\opt\ros\hydro\share\std_msgs\cmake\" />
      </Unit>
      <Unit filename="/home/lschreie/ros_hydro_external/src/aau_multi_robot/rendezvous/../../../../../../opt/ros/hydro/share/std_msgs/cmake/std_msgsConfig.cmake">
          <Option virtualFolder="CMake Files\..\..\..\..\..\..\opt\ros\hydro\share\std_msgs\cmake\" />
      </Unit>
      <Unit filename="/home/lschreie/ros_hydro_external/src/aau_multi_robot/rendezvous/../../../../../../opt/ros/hydro/share/std_msgs/cmake/std_msgs-msg-extras.cmake">
          <Option virtualFolder="CMake Files\..\..\..\..\..\..\opt\ros\hydro\share\std_msgs\cmake\" />
      </Unit>
      <Unit filename="/home/lschreie/ros_hydro_external/src/aau_multi_robot/rendezvous/../../../../../../opt/ros/hydro/share/xmlrpcpp/cmake/xmlrpcppConfig-version.cmake">
          <Option virtualFolder="CMake Files\..\..\..\..\..\..\opt\ros\hydro\share\xmlrpcpp\cmake\" />
      </Unit>
      <Unit filename="/home/lschreie/ros_hydro_external/src/aau_multi_robot/rendezvous/../../../../../../opt/ros/hydro/share/xmlrpcpp/cmake/xmlrpcppConfig.cmake">
          <Option virtualFolder="CMake Files\..\..\..\..\..\..\opt\ros\hydro\share\xmlrpcpp\cmake\" />
      </Unit>
      <Unit filename="/home/lschreie/ros_hydro_external/src/aau_multi_robot/rendezvous/../../../../../../opt/ros/hydro/share/actionlib/cmake/actionlibConfig-version.cmake">
          <Option virtualFolder="CMake Files\..\..\..\..\..\..\opt\ros\hydro\share\actionlib\cmake\" />
      </Unit>
      <Unit filename="/home/lschreie/ros_hydro_external/src/aau_multi_robot/rendezvous/../../../../../../opt/ros/hydro/share/actionlib/cmake/actionlibConfig.cmake">
          <Option virtualFolder="CMake Files\..\..\..\..\..\..\opt\ros\hydro\share\actionlib\cmake\" />
      </Unit>
      <Unit filename="/home/lschreie/ros_hydro_external/src/aau_multi_robot/rendezvous/../../../../../../opt/ros/hydro/share/actionlib/cmake/actionlib-msg-extras.cmake">
          <Option virtualFolder="CMake Files\..\..\..\..\..\..\opt\ros\hydro\share\actionlib\cmake\" />
      </Unit>
      <Unit filename="/home/lschreie/ros_hydro_external/src/aau_multi_robot/rendezvous/../../../../../../opt/ros/hydro/share/actionlib_msgs/cmake/actionlib_msgsConfig-version.cmake">
          <Option virtualFolder="CMake Files\..\..\..\..\..\..\opt\ros\hydro\share\actionlib_msgs\cmake\" />
      </Unit>
      <Unit filename="/home/lschreie/ros_hydro_external/src/aau_multi_robot/rendezvous/../../../../../../opt/ros/hydro/share/actionlib_msgs/cmake/actionlib_msgsConfig.cmake">
          <Option virtualFolder="CMake Files\..\..\..\..\..\..\opt\ros\hydro\share\actionlib_msgs\cmake\" />
      </Unit>
      <Unit filename="/home/lschreie/ros_hydro_external/src/aau_multi_robot/rendezvous/../../../../../../opt/ros/hydro/share/actionlib_msgs/cmake/actionlib_msgs-msg-extras.cmake">
          <Option virtualFolder="CMake Files\..\..\..\..\..\..\opt\ros\hydro\share\actionlib_msgs\cmake\" />
      </Unit>
      <Unit filename="/home/lschreie/ros_hydro_external/src/aau_multi_robot/rendezvous/../../../../../../opt/ros/hydro/share/actionlib_msgs/cmake/actionlib_msgs-extras.cmake">
          <Option virtualFolder="CMake Files\..\..\..\..\..\..\opt\ros\hydro\share\actionlib_msgs\cmake\" />
      </Unit>
      <Unit filename="/home/lschreie/ros_hydro_external/src/aau_multi_robot/rendezvous/../../../../../../opt/ros/hydro/share/genmsg/cmake/genmsgConfig-version.cmake">
          <Option virtualFolder="CMake Files\..\..\..\..\..\..\opt\ros\hydro\share\genmsg\cmake\" />
      </Unit>
      <Unit filename="/home/lschreie/ros_hydro_external/src/aau_multi_robot/rendezvous/../../../../../../opt/ros/hydro/share/genmsg/cmake/genmsgConfig.cmake">
          <Option virtualFolder="CMake Files\..\..\..\..\..\..\opt\ros\hydro\share\genmsg\cmake\" />
      </Unit>
      <Unit filename="/home/lschreie/ros_hydro_external/src/aau_multi_robot/rendezvous/../../../../../../opt/ros/hydro/share/genmsg/cmake/genmsg-extras.cmake">
          <Option virtualFolder="CMake Files\..\..\..\..\..\..\opt\ros\hydro\share\genmsg\cmake\" />
      </Unit>
      <Unit filename="/home/lschreie/ros_hydro_external/src/aau_multi_robot/rendezvous/../../../../../../opt/ros/hydro/share/genmsg/cmake/genmsgConfig-version.cmake">
          <Option virtualFolder="CMake Files\..\..\..\..\..\..\opt\ros\hydro\share\genmsg\cmake\" />
      </Unit>
      <Unit filename="/home/lschreie/ros_hydro_external/src/aau_multi_robot/rendezvous/../../../../../../opt/ros/hydro/share/genmsg/cmake/genmsgConfig.cmake">
          <Option virtualFolder="CMake Files\..\..\..\..\..\..\opt\ros\hydro\share\genmsg\cmake\" />
      </Unit>
      <Unit filename="/home/lschreie/ros_hydro_external/src/aau_multi_robot/rendezvous/../../../../../../opt/ros/hydro/share/gencpp/cmake/gencppConfig-version.cmake">
          <Option virtualFolder="CMake Files\..\..\..\..\..\..\opt\ros\hydro\share\gencpp\cmake\" />
      </Unit>
      <Unit filename="/home/lschreie/ros_hydro_external/src/aau_multi_robot/rendezvous/../../../../../../opt/ros/hydro/share/gencpp/cmake/gencppConfig.cmake">
          <Option virtualFolder="CMake Files\..\..\..\..\..\..\opt\ros\hydro\share\gencpp\cmake\" />
      </Unit>
      <Unit filename="/home/lschreie/ros_hydro_external/src/aau_multi_robot/rendezvous/../../../../../../opt/ros/hydro/share/gencpp/cmake/gencpp-extras.cmake">
          <Option virtualFolder="CMake Files\..\..\..\..\..\..\opt\ros\hydro\share\gencpp\cmake\" />
      </Unit>
      <Unit filename="/home/lschreie/ros_hydro_external/src/aau_multi_robot/rendezvous/../../../../../../opt/ros/hydro/share/genlisp/cmake/genlispConfig-version.cmake">
          <Option virtualFolder="CMake Files\..\..\..\..\..\..\opt\ros\hydro\share\genlisp\cmake\" />
      </Unit>
      <Unit filename="/home/lschreie/ros_hydro_external/src/aau_multi_robot/rendezvous/../../../../../../opt/ros/hydro/share/genlisp/cmake/genlispConfig.cmake">
          <Option virtualFolder="CMake Files\..\..\..\..\..\..\opt\ros\hydro\share\genlisp\cmake\" />
      </Unit>
      <Unit filename="/home/lschreie/ros_hydro_external/src/aau_multi_robot/rendezvous/../../../../../../opt/ros/hydro/share/genlisp/cmake/genlisp-extras.cmake">
          <Option virtualFolder="CMake Files\..\..\..\..\..\..\opt\ros\hydro\share\genlisp\cmake\" />
      </Unit>
      <Unit filename="/home/lschreie/ros_hydro_external/src/aau_multi_robot/rendezvous/../../../../../../opt/ros/hydro/share/genpy/cmake/genpyConfig-version.cmake">
          <Option virtualFolder="CMake Files\..\..\..\..\..\..\opt\ros\hydro\share\genpy\cmake\" />
      </Unit>
      <Unit filename="/home/lschreie/ros_hydro_external/src/aau_multi_robot/rendezvous/../../../../../../opt/ros/hydro/share/genpy/cmake/genpyConfig.cmake">
          <Option virtualFolder="CMake Files\..\..\..\..\..\..\opt\ros\hydro\share\genpy\cmake\" />
      </Unit>
      <Unit filename="/home/lschreie/ros_hydro_external/src/aau_multi_robot/rendezvous/../../../../../../opt/ros/hydro/share/genpy/cmake/genpy-extras.cmake">
          <Option virtualFolder="CMake Files\..\..\..\..\..\..\opt\ros\hydro\share\genpy\cmake\" />
      </Unit>
      <Unit filename="/home/lschreie/ros_hydro_external/src/aau_multi_robot/rendezvous/../../../../../../opt/ros/hydro/share/move_base_msgs/cmake/move_base_msgsConfig-version.cmake">
          <Option virtualFolder="CMake Files\..\..\..\..\..\..\opt\ros\hydro\share\move_base_msgs\cmake\" />
      </Unit>
      <Unit filename="/home/lschreie/ros_hydro_external/src/aau_multi_robot/rendezvous/../../../../../../opt/ros/hydro/share/move_base_msgs/cmake/move_base_msgsConfig.cmake">
          <Option virtualFolder="CMake Files\..\..\..\..\..\..\opt\ros\hydro\share\move_base_msgs\cmake\" />
      </Unit>
      <Unit filename="/home/lschreie/ros_hydro_external/src/aau_multi_robot/rendezvous/../../../../../../opt/ros/hydro/share/move_base_msgs/cmake/move_base_msgs-msg-extras.cmake">
          <Option virtualFolder="CMake Files\..\..\..\..\..\..\opt\ros\hydro\share\move_base_msgs\cmake\" />
      </Unit>
      <Unit filename="/home/lschreie/ros_hydro_external/src/aau_multi_robot/rendezvous/catkin/catkin_generated/version/package.cmake">
          <Option virtualFolder="CMake Files\catkin\catkin_generated\version\" />
      </Unit>
      <Unit filename="/home/lschreie/ros_hydro_external/src/aau_multi_robot/rendezvous/catkin_generated/ordered_paths.cmake">
          <Option virtualFolder="CMake Files\catkin_generated\" />
      </Unit>
      <Unit filename="/home/lschreie/ros_hydro_external/src/aau_multi_robot/rendezvous/catkin_generated/ordered_paths.cmake">
          <Option virtualFolder="CMake Files\catkin_generated\" />
      </Unit>
      <Unit filename="/home/lschreie/ros_hydro_external/src/aau_multi_robot/rendezvous/catkin_generated/package.cmake">
          <Option virtualFolder="CMake Files\catkin_generated\" />
      </Unit>
   </Project>
</CodeBlocks_project_file>
